
Microsoft Visual Studio Solution File, Format Version 12.00
# Visual Studio Version 17
VisualStudioVersion = 17.8.34322.80
MinimumVisualStudioVersion = 10.0.40219.1
Project("{9A19103F-16F7-4668-BE54-9A1E7A4F7556}") = "Services", "Services\Services.csproj", "{0DD88AE8-1DF4-4F1A-A34B-F9262078B432}"
EndProject
Project("{9A19103F-16F7-4668-BE54-9A1E7A4F7556}") = "Tests", "Tests\Tests.csproj", "{3730F003-64C0-40D9-863F-3AC7A3BDA609}"
EndProject
Project("{9A19103F-16F7-4668-BE54-9A1E7A4F7556}") = "TestTask", "Api\TestTask.csproj", "{9F8B36D5-5B54-4309-BBBF-8C4C0BC654BC}"
EndProject
Global
	GlobalSection(SolutionConfigurationPlatforms) = preSolution
		Debug|Any CPU = Debug|Any CPU
		Release|Any CPU = Release|Any CPU
	EndGlobalSection
	GlobalSection(ProjectConfigurationPlatforms) = postSolution
		{0DD88AE8-1DF4-4F1A-A34B-F9262078B432}.Debug|Any CPU.ActiveCfg = Debug|Any CPU
		{0DD88AE8-1DF4-4F1A-A34B-F9262078B432}.Debug|Any CPU.Build.0 = Debug|Any CPU
		{0DD88AE8-1DF4-4F1A-A34B-F9262078B432}.Release|Any CPU.ActiveCfg = Release|Any CPU
		{0DD88AE8-1DF4-4F1A-A34B-F9262078B432}.Release|Any CPU.Build.0 = Release|Any CPU
		{3730F003-64C0-40D9-863F-3AC7A3BDA609}.Debug|Any CPU.ActiveCfg = Debug|Any CPU
		{3730F003-64C0-40D9-863F-3AC7A3BDA609}.Debug|Any CPU.Build.0 = Debug|Any CPU
		{3730F003-64C0-40D9-863F-3AC7A3BDA609}.Release|Any CPU.ActiveCfg = Release|Any CPU
		{3730F003-64C0-40D9-863F-3AC7A3BDA609}.Release|Any CPU.Build.0 = Release|Any CPU
		{9F8B36D5-5B54-4309-BBBF-8C4C0BC654BC}.Debug|Any CPU.ActiveCfg = Debug|Any CPU
		{9F8B36D5-5B54-4309-BBBF-8C4C0BC654BC}.Debug|Any CPU.Build.0 = Debug|Any CPU
		{9F8B36D5-5B54-4309-BBBF-8C4C0BC654BC}.Release|Any CPU.ActiveCfg = Release|Any CPU
		{9F8B36D5-5B54-4309-BBBF-8C4C0BC654BC}.Release|Any CPU.Build.0 = Release|Any CPU
	EndGlobalSection
	GlobalSection(SolutionProperties) = preSolution
		HideSolutionNode = FALSE
	EndGlobalSection
	GlobalSection(ExtensibilityGlobals) = postSolution
		SolutionGuid = {BC2BD1F6-39BC-4292-80AB-E5D35C926E36}
	EndGlobalSection
EndGlobal
